
Microsoft Visual Studio Solution File, Format Version 12.00
# Visual Studio 15
VisualStudioVersion = 15.0.27703.2018
MinimumVisualStudioVersion = 10.0.40219.1
Project("{FAE04EC0-301F-11D3-BF4B-00C04F79EFBC}") = "DAL", "DAL\DAL.csproj", "{FE00C837-CFC4-496D-B5EF-82C279447185}"
EndProject
Project("{FAE04EC0-301F-11D3-BF4B-00C04F79EFBC}") = "BLL", "BLL\BLL.csproj", "{93162C55-84A5-4154-99D2-49BE056ED67B}"
EndProject
Project("{FAE04EC0-301F-11D3-BF4B-00C04F79EFBC}") = "Entities", "Entities\Entities.csproj", "{163467B9-2A9C-46EE-995B-690A1B5D0993}"
EndProject
Project("{FAE04EC0-301F-11D3-BF4B-00C04F79EFBC}") = "Web", "Web\Web.csproj", "{94CA913C-8E63-499B-8141-E220B80FAA5F}"
EndProject
Global
	GlobalSection(SolutionConfigurationPlatforms) = preSolution
		Debug|Any CPU = Debug|Any CPU
		Release|Any CPU = Release|Any CPU
	EndGlobalSection
	GlobalSection(ProjectConfigurationPlatforms) = postSolution
		{FE00C837-CFC4-496D-B5EF-82C279447185}.Debug|Any CPU.ActiveCfg = Debug|Any CPU
		{FE00C837-CFC4-496D-B5EF-82C279447185}.Debug|Any CPU.Build.0 = Debug|Any CPU
		{FE00C837-CFC4-496D-B5EF-82C279447185}.Release|Any CPU.ActiveCfg = Release|Any CPU
		{FE00C837-CFC4-496D-B5EF-82C279447185}.Release|Any CPU.Build.0 = Release|Any CPU
		{93162C55-84A5-4154-99D2-49BE056ED67B}.Debug|Any CPU.ActiveCfg = Debug|Any CPU
		{93162C55-84A5-4154-99D2-49BE056ED67B}.Debug|Any CPU.Build.0 = Debug|Any CPU
		{93162C55-84A5-4154-99D2-49BE056ED67B}.Release|Any CPU.ActiveCfg = Release|Any CPU
		{93162C55-84A5-4154-99D2-49BE056ED67B}.Release|Any CPU.Build.0 = Release|Any CPU
		{163467B9-2A9C-46EE-995B-690A1B5D0993}.Debug|Any CPU.ActiveCfg = Debug|Any CPU
		{163467B9-2A9C-46EE-995B-690A1B5D0993}.Debug|Any CPU.Build.0 = Debug|Any CPU
		{163467B9-2A9C-46EE-995B-690A1B5D0993}.Release|Any CPU.ActiveCfg = Release|Any CPU
		{163467B9-2A9C-46EE-995B-690A1B5D0993}.Release|Any CPU.Build.0 = Release|Any CPU
		{94CA913C-8E63-499B-8141-E220B80FAA5F}.Debug|Any CPU.ActiveCfg = Debug|Any CPU
		{94CA913C-8E63-499B-8141-E220B80FAA5F}.Debug|Any CPU.Build.0 = Debug|Any CPU
		{94CA913C-8E63-499B-8141-E220B80FAA5F}.Release|Any CPU.ActiveCfg = Release|Any CPU
		{94CA913C-8E63-499B-8141-E220B80FAA5F}.Release|Any CPU.Build.0 = Release|Any CPU
	EndGlobalSection
	GlobalSection(SolutionProperties) = preSolution
		HideSolutionNode = FALSE
	EndGlobalSection
	GlobalSection(ExtensibilityGlobals) = postSolution
		SolutionGuid = {A5C3235B-EF48-4326-928F-E1871D6E21BC}
		VisualSVNWorkingCopyRoot = .
	EndGlobalSection
EndGlobal
